
Microsoft Visual Studio Solution File, Format Version 12.00
# Visual Studio Version 16
VisualStudioVersion = 16.0.32002.261
MinimumVisualStudioVersion = 10.0.40219.1
Project("{FAE04EC0-301F-11D3-BF4B-00C04F79EFBC}") = "BowlingLeague", "BowlingLeague\BowlingLeague.csproj", "{37914AF1-8FAA-42A6-AF77-2C52E6E8AEAB}"
EndProject
Global
	GlobalSection(SolutionConfigurationPlatforms) = preSolution
		Debug|Any CPU = Debug|Any CPU
		Release|Any CPU = Release|Any CPU
	EndGlobalSection
	GlobalSection(ProjectConfigurationPlatforms) = postSolution
		{37914AF1-8FAA-42A6-AF77-2C52E6E8AEAB}.Debug|Any CPU.ActiveCfg = Debug|Any CPU
		{37914AF1-8FAA-42A6-AF77-2C52E6E8AEAB}.Debug|Any CPU.Build.0 = Debug|Any CPU
		{37914AF1-8FAA-42A6-AF77-2C52E6E8AEAB}.Release|Any CPU.ActiveCfg = Release|Any CPU
		{37914AF1-8FAA-42A6-AF77-2C52E6E8AEAB}.Release|Any CPU.Build.0 = Release|Any CPU
	EndGlobalSection
	GlobalSection(SolutionProperties) = preSolution
		HideSolutionNode = FALSE
	EndGlobalSection
	GlobalSection(ExtensibilityGlobals) = postSolution
		SolutionGuid = {3BB719B3-26DB-430B-8401-B7732EFD8F80}
	EndGlobalSection
EndGlobal
